
Microsoft Visual Studio Solution File, Format Version 12.00
# Visual Studio Version 16
VisualStudioVersion = 16.0.30413.136
MinimumVisualStudioVersion = 10.0.40219.1
Project("{FAE04EC0-301F-11D3-BF4B-00C04F79EFBC}") = "Asceils", "Asceils\Asceils.csproj", "{ACFF6CA3-114E-4E5F-A6F6-2026D708D9F9}"
EndProject
Global
	GlobalSection(SolutionConfigurationPlatforms) = preSolution
		Debug|Any CPU = Debug|Any CPU
		Release|Any CPU = Release|Any CPU
	EndGlobalSection
	GlobalSection(ProjectConfigurationPlatforms) = postSolution
		{ACFF6CA3-114E-4E5F-A6F6-2026D708D9F9}.Debug|Any CPU.ActiveCfg = Debug|Any CPU
		{ACFF6CA3-114E-4E5F-A6F6-2026D708D9F9}.Debug|Any CPU.Build.0 = Debug|Any CPU
		{ACFF6CA3-114E-4E5F-A6F6-2026D708D9F9}.Release|Any CPU.ActiveCfg = Release|Any CPU
		{ACFF6CA3-114E-4E5F-A6F6-2026D708D9F9}.Release|Any CPU.Build.0 = Release|Any CPU
	EndGlobalSection
	GlobalSection(SolutionProperties) = preSolution
		HideSolutionNode = FALSE
	EndGlobalSection
	GlobalSection(ExtensibilityGlobals) = postSolution
		SolutionGuid = {DA234B74-3B52-4BD3-834E-89714233556C}
	EndGlobalSection
EndGlobal
